
Microsoft Visual Studio Solution File, Format Version 12.00
# Visual Studio Version 17
VisualStudioVersion = 17.5.2.0
MinimumVisualStudioVersion = 10.0.40219.1
Project("{9A19103F-16F7-4668-BE54-9A1E7A4F7556}") = "UniverBlazored", "UniverBlazored.csproj", "{8B922159-68F8-40E6-BE65-E3BBC41D0992}"
EndProject
Project("{FAE04EC0-301F-11D3-BF4B-00C04F79EFBC}") = "UniverBlazored.Tests", "UniverBlazored.Tests\UniverBlazored.Tests.csproj", "{F9AECD3C-B786-4B13-BFD9-013BD8BC4842}"
EndProject
Global
	GlobalSection(SolutionConfigurationPlatforms) = preSolution
		Debug|Any CPU = Debug|Any CPU
		Debug|x64 = Debug|x64
		Debug|x86 = Debug|x86
		Release|Any CPU = Release|Any CPU
		Release|x64 = Release|x64
		Release|x86 = Release|x86
	EndGlobalSection
	GlobalSection(ProjectConfigurationPlatforms) = postSolution
		{8B922159-68F8-40E6-BE65-E3BBC41D0992}.Debug|Any CPU.ActiveCfg = Debug|Any CPU
		{8B922159-68F8-40E6-BE65-E3BBC41D0992}.Debug|Any CPU.Build.0 = Debug|Any CPU
		{8B922159-68F8-40E6-BE65-E3BBC41D0992}.Debug|x64.ActiveCfg = Debug|Any CPU
		{8B922159-68F8-40E6-BE65-E3BBC41D0992}.Debug|x64.Build.0 = Debug|Any CPU
		{8B922159-68F8-40E6-BE65-E3BBC41D0992}.Debug|x86.ActiveCfg = Debug|Any CPU
		{8B922159-68F8-40E6-BE65-E3BBC41D0992}.Debug|x86.Build.0 = Debug|Any CPU
		{8B922159-68F8-40E6-BE65-E3BBC41D0992}.Release|Any CPU.ActiveCfg = Release|Any CPU
		{8B922159-68F8-40E6-BE65-E3BBC41D0992}.Release|Any CPU.Build.0 = Release|Any CPU
		{8B922159-68F8-40E6-BE65-E3BBC41D0992}.Release|x64.ActiveCfg = Release|Any CPU
		{8B922159-68F8-40E6-BE65-E3BBC41D0992}.Release|x64.Build.0 = Release|Any CPU
		{8B922159-68F8-40E6-BE65-E3BBC41D0992}.Release|x86.ActiveCfg = Release|Any CPU
		{8B922159-68F8-40E6-BE65-E3BBC41D0992}.Release|x86.Build.0 = Release|Any CPU
		{F9AECD3C-B786-4B13-BFD9-013BD8BC4842}.Debug|Any CPU.ActiveCfg = Debug|Any CPU
		{F9AECD3C-B786-4B13-BFD9-013BD8BC4842}.Debug|Any CPU.Build.0 = Debug|Any CPU
		{F9AECD3C-B786-4B13-BFD9-013BD8BC4842}.Debug|x64.ActiveCfg = Debug|Any CPU
		{F9AECD3C-B786-4B13-BFD9-013BD8BC4842}.Debug|x64.Build.0 = Debug|Any CPU
		{F9AECD3C-B786-4B13-BFD9-013BD8BC4842}.Debug|x86.ActiveCfg = Debug|Any CPU
		{F9AECD3C-B786-4B13-BFD9-013BD8BC4842}.Debug|x86.Build.0 = Debug|Any CPU
		{F9AECD3C-B786-4B13-BFD9-013BD8BC4842}.Release|Any CPU.ActiveCfg = Release|Any CPU
		{F9AECD3C-B786-4B13-BFD9-013BD8BC4842}.Release|Any CPU.Build.0 = Release|Any CPU
		{F9AECD3C-B786-4B13-BFD9-013BD8BC4842}.Release|x64.ActiveCfg = Release|Any CPU
		{F9AECD3C-B786-4B13-BFD9-013BD8BC4842}.Release|x64.Build.0 = Release|Any CPU
		{F9AECD3C-B786-4B13-BFD9-013BD8BC4842}.Release|x86.ActiveCfg = Release|Any CPU
		{F9AECD3C-B786-4B13-BFD9-013BD8BC4842}.Release|x86.Build.0 = Release|Any CPU
	EndGlobalSection
	GlobalSection(SolutionProperties) = preSolution
		HideSolutionNode = FALSE
	EndGlobalSection
	GlobalSection(ExtensibilityGlobals) = postSolution
		SolutionGuid = {1C237DFD-C126-4109-AF9E-1BE7F7DC67D3}
	EndGlobalSection
EndGlobal
